
Microsoft Visual Studio Solution File, Format Version 12.00
# Visual Studio 15
VisualStudioVersion = 15.0.27004.2008
MinimumVisualStudioVersion = 10.0.40219.1
Project("{FAE04EC0-301F-11D3-BF4B-00C04F79EFBC}") = "MetaCent", "MetaCent\MetaCent.csproj", "{6B2D6827-752C-44DA-A009-994539315EF0}"
EndProject
Project("{F184B08F-C81C-45F6-A57F-5ABD9991F28F}") = "MetaCent.ExtensionHost", "MetaCent.ExtensionHost\MetaCent.ExtensionHost.vbproj", "{0D4AF619-05EA-4673-A9C2-CC9575DDF480}"
EndProject
Global
	GlobalSection(SolutionConfigurationPlatforms) = preSolution
		Debug|ARM = Debug|ARM
		Debug|x64 = Debug|x64
		Debug|x86 = Debug|x86
		Release|ARM = Release|ARM
		Release|x64 = Release|x64
		Release|x86 = Release|x86
	EndGlobalSection
	GlobalSection(ProjectConfigurationPlatforms) = postSolution
		{6B2D6827-752C-44DA-A009-994539315EF0}.Debug|ARM.ActiveCfg = Debug|ARM
		{6B2D6827-752C-44DA-A009-994539315EF0}.Debug|ARM.Build.0 = Debug|ARM
		{6B2D6827-752C-44DA-A009-994539315EF0}.Debug|ARM.Deploy.0 = Debug|ARM
		{6B2D6827-752C-44DA-A009-994539315EF0}.Debug|x64.ActiveCfg = Debug|x64
		{6B2D6827-752C-44DA-A009-994539315EF0}.Debug|x64.Build.0 = Debug|x64
		{6B2D6827-752C-44DA-A009-994539315EF0}.Debug|x64.Deploy.0 = Debug|x64
		{6B2D6827-752C-44DA-A009-994539315EF0}.Debug|x86.ActiveCfg = Debug|x86
		{6B2D6827-752C-44DA-A009-994539315EF0}.Debug|x86.Build.0 = Debug|x86
		{6B2D6827-752C-44DA-A009-994539315EF0}.Debug|x86.Deploy.0 = Debug|x86
		{6B2D6827-752C-44DA-A009-994539315EF0}.Release|ARM.ActiveCfg = Release|ARM
		{6B2D6827-752C-44DA-A009-994539315EF0}.Release|ARM.Build.0 = Release|ARM
		{6B2D6827-752C-44DA-A009-994539315EF0}.Release|ARM.Deploy.0 = Release|ARM
		{6B2D6827-752C-44DA-A009-994539315EF0}.Release|x64.ActiveCfg = Release|x64
		{6B2D6827-752C-44DA-A009-994539315EF0}.Release|x64.Build.0 = Release|x64
		{6B2D6827-752C-44DA-A009-994539315EF0}.Release|x64.Deploy.0 = Release|x64
		{6B2D6827-752C-44DA-A009-994539315EF0}.Release|x86.ActiveCfg = Release|x86
		{6B2D6827-752C-44DA-A009-994539315EF0}.Release|x86.Build.0 = Release|x86
		{6B2D6827-752C-44DA-A009-994539315EF0}.Release|x86.Deploy.0 = Release|x86
		{0D4AF619-05EA-4673-A9C2-CC9575DDF480}.Debug|ARM.ActiveCfg = Debug|Any CPU
		{0D4AF619-05EA-4673-A9C2-CC9575DDF480}.Debug|ARM.Build.0 = Debug|Any CPU
		{0D4AF619-05EA-4673-A9C2-CC9575DDF480}.Debug|x64.ActiveCfg = Debug|Any CPU
		{0D4AF619-05EA-4673-A9C2-CC9575DDF480}.Debug|x64.Build.0 = Debug|Any CPU
		{0D4AF619-05EA-4673-A9C2-CC9575DDF480}.Debug|x86.ActiveCfg = Debug|Any CPU
		{0D4AF619-05EA-4673-A9C2-CC9575DDF480}.Debug|x86.Build.0 = Debug|Any CPU
		{0D4AF619-05EA-4673-A9C2-CC9575DDF480}.Release|ARM.ActiveCfg = Release|Any CPU
		{0D4AF619-05EA-4673-A9C2-CC9575DDF480}.Release|ARM.Build.0 = Release|Any CPU
		{0D4AF619-05EA-4673-A9C2-CC9575DDF480}.Release|x64.ActiveCfg = Release|Any CPU
		{0D4AF619-05EA-4673-A9C2-CC9575DDF480}.Release|x64.Build.0 = Release|Any CPU
		{0D4AF619-05EA-4673-A9C2-CC9575DDF480}.Release|x86.ActiveCfg = Release|Any CPU
		{0D4AF619-05EA-4673-A9C2-CC9575DDF480}.Release|x86.Build.0 = Release|Any CPU
	EndGlobalSection
	GlobalSection(SolutionProperties) = preSolution
		HideSolutionNode = FALSE
	EndGlobalSection
	GlobalSection(ExtensibilityGlobals) = postSolution
		SolutionGuid = {F2B2E57F-716D-4352-8DF8-46FD37F6411D}
	EndGlobalSection
EndGlobal
